{
  "name": "titan-land-lands-of-plenty",
  "version": "1.0.0",
  "lockfileVersion": 1,
  "requires": true,
  "dependencies": {
    "ieee754": {
      "version": "1.1.13",
      "resolved": "https://registry.npmjs.org/ieee754/-/ieee754-1.1.13.tgz",
      "integrity": "sha512-4vf7I2LYV/HaWerSo3XmlMkp5eZ83i+/CDluXi/IGTs/O1sejBNhTtnxzmRZfvOUqj7lZjqHkeTvpgSFDlWZTg=="
    },
    "intn": {
      "version": "1.0.0",
      "resolved": "https://registry.npmjs.org/intn/-/intn-1.0.0.tgz",
      "integrity": "sha1-vpNxow+fPpHx8sP+872wAuMGdfo="
    },
    "round-to": {
      "version": "3.0.0",
      "resolved": "https://registry.npmjs.org/round-to/-/round-to-3.0.0.tgz",
      "integrity": "sha512-h8xeIC7dRHkY++BGKtXTlO/FifRJdUmW5YObBk/8X9nc/2syNXKN8qUA6OvCgmPdtYlWvDqKZOuxz/CX6dcZNg=="
    },
    "wc3maptranslator": {
      "version": "1.1.0",
      "resolved": "https://registry.npmjs.org/wc3maptranslator/-/wc3maptranslator-1.1.0.tgz",
      "integrity": "sha512-99wL1/Y/5G3DIxgVCt1IJzb/lJqT6GLCtp/3MGlopif7kozAL/FkFUApYJRfXOx39KoRFRvqV+94D1J+y2e+iw==",
      "requires": {
        "ieee754": "^1.1.8",
        "intn": "^1.0.0",
        "round-to": "^3.0.0"
      }
    }
  }
}
